{
  "version": 4,
  "terraform_version": "1.14.0",
  "serial": 6,
  "lineage": "2a1703b8-746f-3b50-d445-6e0a6c46a875",
  "outputs": {},
  "resources": [
    {
      "mode": "managed",
      "type": "aws_key_pair",
      "name": "devops_key",
      "provider": "provider[\"registry.terraform.io/hashicorp/aws\"]",
      "instances": [
        {
          "schema_version": 1,
          "attributes": {
            "arn": "arn:aws:ec2:ap-south-1:950937671793:key-pair/devops-key",
            "fingerprint": "8d:fd:68:32:b2:5f:84:11:f6:3c:bd:8f:bc:e0:fc:c5",
            "id": "devops-key",
            "key_name": "devops-key",
            "key_name_prefix": "",
            "key_pair_id": "key-093984d115b162c84",
            "key_type": "rsa",
            "public_key": "ssh-rsa AAAAB3NzaC1yc2EAAAADAQABAAABgQC1it1VuJ8EaNXQrTGMBo2ctTQWS73OgTPUN12WZpuyHy0WgL+V2i/Mn6sLgHSaSX9pwrpAv2h75Dww8Uuy0VmhikD8NzcGU1+BhYMcRuLYLXmqOEOgExzJDtWcX9trzKDqqMDAvJN6HY1gFZFljhPLS4Aaxg48/nMrdFYmOWEZy1nVhZsi7Z5rHM6jFU5hBUBoQfW6dBlH/vH+ggWpqRfKHkN5kiP+rnrTJ+tsDbUsCQKA6p3o1EOG1LAlX9hO8/t63E1FQ6P14mRu4a5MjU3I7SXCW5QRYUGy8pOZ0X8W+WY1pCxO+PqUeyO0PUMTuDe67w5Y8BH6trmIvvGfhpu1H1OLP/ME2qvdHrR1cW0wqMUoqOm7jpq5UNsIhgdC7rUPoxxFJL82V7SIGpUi/StmwnIb2L2gWnTPVl/SSlkFAdsoLvNDEKWegB73j0x867HuREYRv8iN657bbmPWMQ+kkGbJ0U0lTq/CGWaL/NZ0/y3/dw7+uPnal6O9qmY10wM= root@ip-172-31-44-127.eu-north-1.compute.internal",
            "region": "ap-south-1",
            "tags": {},
            "tags_all": {}
          },
          "sensitive_attributes": [],
          "identity_schema_version": 0,
          "private": "eyJzY2hlbWFfdmVyc2lvbiI6IjEifQ=="
        }
      ]
    },
    {
      "mode": "managed",
      "type": "aws_security_group",
      "name": "web_sg",
      "provider": "provider[\"registry.terraform.io/hashicorp/aws\"]",
      "instances": [
        {
          "schema_version": 1,
          "attributes": {
            "arn": "arn:aws:ec2:ap-south-1:950937671793:security-group/sg-00d6db9ba1ee983e8",
            "description": "Allow HTTP and SSH",
            "egress": [
              {
                "cidr_blocks": [
                  "0.0.0.0/0"
                ],
                "description": "",
                "from_port": 0,
                "ipv6_cidr_blocks": [],
                "prefix_list_ids": [],
                "protocol": "-1",
                "security_groups": [],
                "self": false,
                "to_port": 0
              }
            ],
            "id": "sg-00d6db9ba1ee983e8",
            "ingress": [
              {
                "cidr_blocks": [
                  "0.0.0.0/0"
                ],
                "description": "HTTP",
                "from_port": 80,
                "ipv6_cidr_blocks": [],
                "prefix_list_ids": [],
                "protocol": "tcp",
                "security_groups": [],
                "self": false,
                "to_port": 80
              },
              {
                "cidr_blocks": [
                  "0.0.0.0/0"
                ],
                "description": "SSH",
                "from_port": 22,
                "ipv6_cidr_blocks": [],
                "prefix_list_ids": [],
                "protocol": "tcp",
                "security_groups": [],
                "self": false,
                "to_port": 22
              }
            ],
            "name": "web-sg",
            "name_prefix": "",
            "owner_id": "950937671793",
            "region": "ap-south-1",
            "revoke_rules_on_delete": false,
            "tags": {},
            "tags_all": {},
            "timeouts": null,
            "vpc_id": "vpc-0073db016964727fc"
          },
          "sensitive_attributes": [],
          "identity_schema_version": 0,
          "identity": {
            "account_id": "950937671793",
            "id": "sg-00d6db9ba1ee983e8",
            "region": "ap-south-1"
          },
          "private": "eyJlMmJmYjczMC1lY2FhLTExZTYtOGY4OC0zNDM2M2JjN2M0YzAiOnsiY3JlYXRlIjo2MDAwMDAwMDAwMDAsImRlbGV0ZSI6OTAwMDAwMDAwMDAwfSwic2NoZW1hX3ZlcnNpb24iOiIxIn0="
        }
      ]
    }
  ],
  "check_results": null
}
